
Microsoft Visual Studio Solution File, Format Version 12.00
# Visual Studio Version 17
VisualStudioVersion = 17.13.35931.197 d17.13
MinimumVisualStudioVersion = 10.0.40219.1
Project("{54A90642-561A-4BB1-A94E-469ADEE60C69}") = "copperlily.client", "copperlily.client\copperlily.client.esproj", "{EB97BADF-2E20-A31E-C2B2-F6D08FEC8FD0}"
EndProject
Project("{FAE04EC0-301F-11D3-BF4B-00C04F79EFBC}") = "CopperLily.Server", "CopperLily.Server\CopperLily.Server.csproj", "{D295C771-CA54-443F-A66C-9AFFA29D769E}"
EndProject
Global
	GlobalSection(SolutionConfigurationPlatforms) = preSolution
		Debug|Any CPU = Debug|Any CPU
		Release|Any CPU = Release|Any CPU
	EndGlobalSection
	GlobalSection(ProjectConfigurationPlatforms) = postSolution
		{EB97BADF-2E20-A31E-C2B2-F6D08FEC8FD0}.Debug|Any CPU.ActiveCfg = Debug|Any CPU
		{EB97BADF-2E20-A31E-C2B2-F6D08FEC8FD0}.Debug|Any CPU.Build.0 = Debug|Any CPU
		{EB97BADF-2E20-A31E-C2B2-F6D08FEC8FD0}.Debug|Any CPU.Deploy.0 = Debug|Any CPU
		{EB97BADF-2E20-A31E-C2B2-F6D08FEC8FD0}.Release|Any CPU.ActiveCfg = Release|Any CPU
		{EB97BADF-2E20-A31E-C2B2-F6D08FEC8FD0}.Release|Any CPU.Build.0 = Release|Any CPU
		{EB97BADF-2E20-A31E-C2B2-F6D08FEC8FD0}.Release|Any CPU.Deploy.0 = Release|Any CPU
		{D295C771-CA54-443F-A66C-9AFFA29D769E}.Debug|Any CPU.ActiveCfg = Debug|Any CPU
		{D295C771-CA54-443F-A66C-9AFFA29D769E}.Debug|Any CPU.Build.0 = Debug|Any CPU
		{D295C771-CA54-443F-A66C-9AFFA29D769E}.Release|Any CPU.ActiveCfg = Release|Any CPU
		{D295C771-CA54-443F-A66C-9AFFA29D769E}.Release|Any CPU.Build.0 = Release|Any CPU
	EndGlobalSection
	GlobalSection(SolutionProperties) = preSolution
		HideSolutionNode = FALSE
	EndGlobalSection
	GlobalSection(ExtensibilityGlobals) = postSolution
		SolutionGuid = {4A1E4790-94E5-4165-9420-CC163F9E8D76}
	EndGlobalSection
EndGlobal
